
Microsoft Visual Studio Solution File, Format Version 12.00
# Visual Studio Version 16
VisualStudioVersion = 16.0.30907.101
MinimumVisualStudioVersion = 10.0.40219.1
Project("{FAE04EC0-301F-11D3-BF4B-00C04F79EFBC}") = "WCF.Client", "WCF.Client\WCF.Client.csproj", "{346B5C64-BBE8-453D-849F-56DFE05D7671}"
EndProject
Project("{FAE04EC0-301F-11D3-BF4B-00C04F79EFBC}") = "WCF.Services", "WCF.Services\WCF.Services.csproj", "{62E34996-A20B-4F3F-AA6F-4B8B1CDBD9D3}"
EndProject
Project("{FAE04EC0-301F-11D3-BF4B-00C04F79EFBC}") = "WCF.Contrat", "WCF.Contrat\WCF.Contrat.csproj", "{6397FC66-C89C-43BA-B3CC-F9564797B475}"
EndProject
Project("{FAE04EC0-301F-11D3-BF4B-00C04F79EFBC}") = "WCF.Host", "WCF.Host\WCF.Host.csproj", "{C68A4A55-0910-435C-8B57-D69760EAB193}"
EndProject
Project("{2150E333-8FDC-42A3-9474-1A3956D46DE8}") = "Bases", "Bases", "{B48DDA2D-B8B0-4C5C-B746-B6D1945294C8}"
EndProject
Project("{2150E333-8FDC-42A3-9474-1A3956D46DE8}") = "Simple", "Simple", "{CDF05662-0D06-4800-8C9C-5AAD48D342C3}"
EndProject
Project("{FAE04EC0-301F-11D3-BF4B-00C04F79EFBC}") = "Simple.Server", "Simple.Server\Simple.Server.csproj", "{CA56CFC5-CEA9-4DE6-ACC3-512F48D0168C}"
EndProject
Project("{FAE04EC0-301F-11D3-BF4B-00C04F79EFBC}") = "Simple.Client", "Simple.Client\Simple.Client.csproj", "{B33CB108-DBE8-425E-970A-8227A2E24ACA}"
	ProjectSection(ProjectDependencies) = postProject
		{CA56CFC5-CEA9-4DE6-ACC3-512F48D0168C} = {CA56CFC5-CEA9-4DE6-ACC3-512F48D0168C}
	EndProjectSection
EndProject
Global
	GlobalSection(SolutionConfigurationPlatforms) = preSolution
		Debug|Any CPU = Debug|Any CPU
		Release|Any CPU = Release|Any CPU
	EndGlobalSection
	GlobalSection(ProjectConfigurationPlatforms) = postSolution
		{346B5C64-BBE8-453D-849F-56DFE05D7671}.Debug|Any CPU.ActiveCfg = Debug|Any CPU
		{346B5C64-BBE8-453D-849F-56DFE05D7671}.Debug|Any CPU.Build.0 = Debug|Any CPU
		{346B5C64-BBE8-453D-849F-56DFE05D7671}.Release|Any CPU.ActiveCfg = Release|Any CPU
		{346B5C64-BBE8-453D-849F-56DFE05D7671}.Release|Any CPU.Build.0 = Release|Any CPU
		{62E34996-A20B-4F3F-AA6F-4B8B1CDBD9D3}.Debug|Any CPU.ActiveCfg = Debug|Any CPU
		{62E34996-A20B-4F3F-AA6F-4B8B1CDBD9D3}.Debug|Any CPU.Build.0 = Debug|Any CPU
		{62E34996-A20B-4F3F-AA6F-4B8B1CDBD9D3}.Release|Any CPU.ActiveCfg = Release|Any CPU
		{62E34996-A20B-4F3F-AA6F-4B8B1CDBD9D3}.Release|Any CPU.Build.0 = Release|Any CPU
		{6397FC66-C89C-43BA-B3CC-F9564797B475}.Debug|Any CPU.ActiveCfg = Debug|Any CPU
		{6397FC66-C89C-43BA-B3CC-F9564797B475}.Debug|Any CPU.Build.0 = Debug|Any CPU
		{6397FC66-C89C-43BA-B3CC-F9564797B475}.Release|Any CPU.ActiveCfg = Release|Any CPU
		{6397FC66-C89C-43BA-B3CC-F9564797B475}.Release|Any CPU.Build.0 = Release|Any CPU
		{C68A4A55-0910-435C-8B57-D69760EAB193}.Debug|Any CPU.ActiveCfg = Debug|Any CPU
		{C68A4A55-0910-435C-8B57-D69760EAB193}.Debug|Any CPU.Build.0 = Debug|Any CPU
		{C68A4A55-0910-435C-8B57-D69760EAB193}.Release|Any CPU.ActiveCfg = Release|Any CPU
		{C68A4A55-0910-435C-8B57-D69760EAB193}.Release|Any CPU.Build.0 = Release|Any CPU
		{CA56CFC5-CEA9-4DE6-ACC3-512F48D0168C}.Debug|Any CPU.ActiveCfg = Debug|Any CPU
		{CA56CFC5-CEA9-4DE6-ACC3-512F48D0168C}.Debug|Any CPU.Build.0 = Debug|Any CPU
		{CA56CFC5-CEA9-4DE6-ACC3-512F48D0168C}.Release|Any CPU.ActiveCfg = Release|Any CPU
		{CA56CFC5-CEA9-4DE6-ACC3-512F48D0168C}.Release|Any CPU.Build.0 = Release|Any CPU
		{B33CB108-DBE8-425E-970A-8227A2E24ACA}.Debug|Any CPU.ActiveCfg = Debug|Any CPU
		{B33CB108-DBE8-425E-970A-8227A2E24ACA}.Debug|Any CPU.Build.0 = Debug|Any CPU
		{B33CB108-DBE8-425E-970A-8227A2E24ACA}.Release|Any CPU.ActiveCfg = Release|Any CPU
		{B33CB108-DBE8-425E-970A-8227A2E24ACA}.Release|Any CPU.Build.0 = Release|Any CPU
	EndGlobalSection
	GlobalSection(SolutionProperties) = preSolution
		HideSolutionNode = FALSE
	EndGlobalSection
	GlobalSection(NestedProjects) = preSolution
		{346B5C64-BBE8-453D-849F-56DFE05D7671} = {B48DDA2D-B8B0-4C5C-B746-B6D1945294C8}
		{62E34996-A20B-4F3F-AA6F-4B8B1CDBD9D3} = {B48DDA2D-B8B0-4C5C-B746-B6D1945294C8}
		{6397FC66-C89C-43BA-B3CC-F9564797B475} = {B48DDA2D-B8B0-4C5C-B746-B6D1945294C8}
		{C68A4A55-0910-435C-8B57-D69760EAB193} = {B48DDA2D-B8B0-4C5C-B746-B6D1945294C8}
		{CA56CFC5-CEA9-4DE6-ACC3-512F48D0168C} = {CDF05662-0D06-4800-8C9C-5AAD48D342C3}
		{B33CB108-DBE8-425E-970A-8227A2E24ACA} = {CDF05662-0D06-4800-8C9C-5AAD48D342C3}
	EndGlobalSection
	GlobalSection(ExtensibilityGlobals) = postSolution
		SolutionGuid = {EF4E27D1-9D50-4F24-A89B-C1BE5FB8EBDD}
	EndGlobalSection
EndGlobal
